
Microsoft Visual Studio Solution File, Format Version 12.00
# Visual Studio Version 16
VisualStudioVersion = 16.0.31205.134
MinimumVisualStudioVersion = 10.0.40219.1
Project("{FAE04EC0-301F-11D3-BF4B-00C04F79EFBC}") = "DesafioDotNet", "DesafioDotNet.csproj", "{A520C88A-2805-478B-9007-A046053E0CAC}"
EndProject
Global
	GlobalSection(SolutionConfigurationPlatforms) = preSolution
		Debug|Any CPU = Debug|Any CPU
		Release|Any CPU = Release|Any CPU
	EndGlobalSection
	GlobalSection(ProjectConfigurationPlatforms) = postSolution
		{A520C88A-2805-478B-9007-A046053E0CAC}.Debug|Any CPU.ActiveCfg = Debug|Any CPU
		{A520C88A-2805-478B-9007-A046053E0CAC}.Debug|Any CPU.Build.0 = Debug|Any CPU
		{A520C88A-2805-478B-9007-A046053E0CAC}.Release|Any CPU.ActiveCfg = Release|Any CPU
		{A520C88A-2805-478B-9007-A046053E0CAC}.Release|Any CPU.Build.0 = Release|Any CPU
	EndGlobalSection
	GlobalSection(SolutionProperties) = preSolution
		HideSolutionNode = FALSE
	EndGlobalSection
	GlobalSection(ExtensibilityGlobals) = postSolution
		SolutionGuid = {1FBAD3B3-1816-476D-B97D-B8C70D40DB51}
	EndGlobalSection
EndGlobal
